
Microsoft Visual Studio Solution File, Format Version 11.00
# Visual Studio 2010
Project("{FAE04EC0-301F-11D3-BF4B-00C04F79EFBC}") = "server", "WebService5\server.csproj", "{C5C1B9F3-48C3-44AF-AEEF-AADFCA29DEFB}"
EndProject
Project("{2150E333-8FDC-42A3-9474-1A3956D46DE8}") = "解决方案项目", "解决方案项目", "{17F21F47-F8DF-40FF-8318-6F98334C9D20}"
	ProjectSection(SolutionItems) = preProject
		C:\Users\Zqf\Desktop\WebService5.vsd = C:\Users\Zqf\Desktop\WebService5.vsd
		C:\Users\Zqf\Desktop\xx\zz.vsd = C:\Users\Zqf\Desktop\xx\zz.vsd
	EndProjectSection
EndProject
Global
	GlobalSection(SolutionConfigurationPlatforms) = preSolution
		Debug|Any CPU = Debug|Any CPU
		Release|Any CPU = Release|Any CPU
	EndGlobalSection
	GlobalSection(ProjectConfigurationPlatforms) = postSolution
		{C5C1B9F3-48C3-44AF-AEEF-AADFCA29DEFB}.Debug|Any CPU.ActiveCfg = Debug|Any CPU
		{C5C1B9F3-48C3-44AF-AEEF-AADFCA29DEFB}.Debug|Any CPU.Build.0 = Debug|Any CPU
		{C5C1B9F3-48C3-44AF-AEEF-AADFCA29DEFB}.Release|Any CPU.ActiveCfg = Release|Any CPU
		{C5C1B9F3-48C3-44AF-AEEF-AADFCA29DEFB}.Release|Any CPU.Build.0 = Release|Any CPU
	EndGlobalSection
	GlobalSection(SolutionProperties) = preSolution
		HideSolutionNode = FALSE
	EndGlobalSection
EndGlobal
